version = 1
revision = 3
requires-python = ">=3.11.0"
resolution-markers = [
    "python_full_version >= '3.14'",
    "python_full_version == '3.13.*'",
    "python_full_version < '3.13'",
]

[[package]]
name = "googleapis-common-protos"
version = "1.66.0"
source = { registry = "https://pypi.org/simple" }
dependencies = [
    { name = "protobuf" },
]
sdist = { url = "https://files.pythonhosted.org/packages/ff/a7/8e9cccdb1c49870de6faea2a2764fa23f627dd290633103540209f03524c/googleapis_common_protos-1.66.0.tar.gz", hash = "sha256:c3e7b33d15fdca5374cc0a7346dd92ffa847425cc4ea941d970f13680052ec8c", size = 114376, upload-time = "2024-11-12T17:33:38.494Z" }
wheels = [
    { url = "https://files.pythonhosted.org/packages/a0/0f/c0713fb2b3d28af4b2fded3291df1c4d4f79a00d15c2374a9e010870016c/googleapis_common_protos-1.66.0-py2.py3-none-any.whl", hash = "sha256:d7abcd75fabb2e0ec9f74466401f6c119a0b498e27370e9be4c94cb7e382b8ed", size = 221682, upload-time = "2024-11-12T17:33:37.067Z" },
]

[[package]]
name = "grpcio"
version = "1.70.0"
source = { registry = "https://pypi.org/simple" }
resolution-markers = [
    "python_full_version == '3.13.*'",
    "python_full_version < '3.13'",
]
sdist = { url = "https://files.pythonhosted.org/packages/69/e1/4b21b5017c33f3600dcc32b802bb48fe44a4d36d6c066f52650c7c2690fa/grpcio-1.70.0.tar.gz", hash = "sha256:8d1584a68d5922330025881e63a6c1b54cc8117291d382e4fa69339b6d914c56", size = 12788932, upload-time = "2025-01-23T18:00:17.288Z" }
wheels = [
    { url = "https://files.pythonhosted.org/packages/65/c4/1f67d23d6bcadd2fd61fb460e5969c52b3390b4a4e254b5e04a6d1009e5e/grpcio-1.70.0-cp311-cp311-linux_armv7l.whl", hash = "sha256:17325b0be0c068f35770f944124e8839ea3185d6d54862800fc28cc2ffad205a", size = 5229017, upload-time = "2025-01-23T17:53:44.732Z" },
    { url = "https://files.pythonhosted.org/packages/e4/bd/cc36811c582d663a740fb45edf9f99ddbd99a10b6ba38267dc925e1e193a/grpcio-1.70.0-cp311-cp311-macosx_10_14_universal2.whl", hash = "sha256:dbe41ad140df911e796d4463168e33ef80a24f5d21ef4d1e310553fcd2c4a386", size = 11472027, upload-time = "2025-01-23T17:53:50.417Z" },
    { url = "https://files.pythonhosted.org/packages/7e/32/8538bb2ace5cd72da7126d1c9804bf80b4fe3be70e53e2d55675c24961a8/grpcio-1.70.0-cp311-cp311-manylinux_2_17_aarch64.whl", hash = "sha256:5ea67c72101d687d44d9c56068328da39c9ccba634cabb336075fae2eab0d04b", size = 5707785, upload-time = "2025-01-23T17:53:54.511Z" },
    { url = "https://files.pythonhosted.org/packages/ce/5c/a45f85f2a0dfe4a6429dee98717e0e8bd7bd3f604315493c39d9679ca065/grpcio-1.70.0-cp311-cp311-manylinux_2_17_i686.manylinux2014_i686.whl", hash = "sha256:cb5277db254ab7586769e490b7b22f4ddab3876c490da0a1a9d7c695ccf0bf77", size = 6331599, upload-time = "2025-01-23T17:53:58.156Z" },
    { url = "https://files.pythonhosted.org/packages/9f/e5/5316b239380b8b2ad30373eb5bb25d9fd36c0375e94a98a0a60ea357d254/grpcio-1.70.0-cp311-cp311-manylinux_2_17_x86_64.manylinux2014_x86_64.whl", hash = "sha256:e7831a0fc1beeeb7759f737f5acd9fdcda520e955049512d68fda03d91186eea", size = 5940834, upload-time = "2025-01-23T17:54:00.404Z" },
    { url = "https://files.pythonhosted.org/packages/05/33/dbf035bc6d167068b4a9f2929dfe0b03fb763f0f861ecb3bb1709a14cb65/grpcio-1.70.0-cp311-cp311-musllinux_1_1_i686.whl", hash = "sha256:27cc75e22c5dba1fbaf5a66c778e36ca9b8ce850bf58a9db887754593080d839", size = 6641191, upload-time = "2025-01-23T17:54:02.916Z" },
    { url = "https://files.pythonhosted.org/packages/4c/c4/684d877517e5bfd6232d79107e5a1151b835e9f99051faef51fed3359ec4/grpcio-1.70.0-cp311-cp311-musllinux_1_1_x86_64.whl", hash = "sha256:d63764963412e22f0491d0d32833d71087288f4e24cbcddbae82476bfa1d81fd", size = 6198744, upload-time = "2025-01-23T17:54:06.842Z" },
    { url = "https://files.pythonhosted.org/packages/e9/43/92fe5eeaf340650a7020cfb037402c7b9209e7a0f3011ea1626402219034/grpcio-1.70.0-cp311-cp311-win32.whl", hash = "sha256:bb491125103c800ec209d84c9b51f1c60ea456038e4734688004f377cfacc113", size = 3617111, upload-time = "2025-01-23T17:54:10.329Z" },
    { url = "https://files.pythonhosted.org/packages/55/15/b6cf2c9515c028aff9da6984761a3ab484a472b0dc6435fcd07ced42127d/grpcio-1.70.0-cp311-cp311-win_amd64.whl", hash = "sha256:d24035d49e026353eb042bf7b058fb831db3e06d52bee75c5f2f3ab453e71aca", size = 4304604, upload-time = "2025-01-23T17:54:12.844Z" },
    { url = "https://files.pythonhosted.org/packages/4c/a4/ddbda79dd176211b518f0f3795af78b38727a31ad32bc149d6a7b910a731/grpcio-1.70.0-cp312-cp312-linux_armv7l.whl", hash = "sha256:ef4c14508299b1406c32bdbb9fb7b47612ab979b04cf2b27686ea31882387cff", size = 5198135, upload-time = "2025-01-23T17:54:16.026Z" },
    { url = "https://files.pythonhosted.org/packages/30/5c/60eb8a063ea4cb8d7670af8fac3f2033230fc4b75f62669d67c66ac4e4b0/grpcio-1.70.0-cp312-cp312-macosx_10_14_universal2.whl", hash = "sha256:aa47688a65643afd8b166928a1da6247d3f46a2784d301e48ca1cc394d2ffb40", size = 11447529, upload-time = "2025-01-23T17:54:18.568Z" },
    { url = "https://files.pythonhosted.org/packages/fb/b9/1bf8ab66729f13b44e8f42c9de56417d3ee6ab2929591cfee78dce749b57/grpcio-1.70.0-cp312-cp312-manylinux_2_17_aarch64.whl", hash = "sha256:880bfb43b1bb8905701b926274eafce5c70a105bc6b99e25f62e98ad59cb278e", size = 5664484, upload-time = "2025-01-23T17:54:22.169Z" },
    { url = "https://files.pythonhosted.org/packages/d1/06/2f377d6906289bee066d96e9bdb91e5e96d605d173df9bb9856095cccb57/grpcio-1.70.0-cp312-cp312-manylinux_2_17_i686.manylinux2014_i686.whl", hash = "sha256:9e654c4b17d07eab259d392e12b149c3a134ec52b11ecdc6a515b39aceeec898", size = 6303739, upload-time = "2025-01-23T17:54:25.612Z" },
    { url = "https://files.pythonhosted.org/packages/ae/50/64c94cfc4db8d9ed07da71427a936b5a2bd2b27c66269b42fbda82c7c7a4/grpcio-1.70.0-cp312-cp312-manylinux_2_17_x86_64.manylinux2014_x86_64.whl", hash = "sha256:2394e3381071045a706ee2eeb6e08962dd87e8999b90ac15c55f56fa5a8c9597", size = 5910417, upload-time = "2025-01-23T17:54:28.336Z" },
    { url = "https://files.pythonhosted.org/packages/53/89/8795dfc3db4389c15554eb1765e14cba8b4c88cc80ff828d02f5572965af/grpcio-1.70.0-cp312-cp312-musllinux_1_1_i686.whl", hash = "sha256:b3c76701428d2df01964bc6479422f20e62fcbc0a37d82ebd58050b86926ef8c", size = 6626797, upload-time = "2025-01-23T17:54:31.372Z" },
    { url = "https://files.pythonhosted.org/packages/9c/b2/6a97ac91042a2c59d18244c479ee3894e7fb6f8c3a90619bb5a7757fa30c/grpcio-1.70.0-cp312-cp312-musllinux_1_1_x86_64.whl", hash = "sha256:ac073fe1c4cd856ebcf49e9ed6240f4f84d7a4e6ee95baa5d66ea05d3dd0df7f", size = 6190055, upload-time = "2025-01-23T17:54:34.254Z" },
    { url = "https://files.pythonhosted.org/packages/86/2b/28db55c8c4d156053a8c6f4683e559cd0a6636f55a860f87afba1ac49a51/grpcio-1.70.0-cp312-cp312-win32.whl", hash = "sha256:cd24d2d9d380fbbee7a5ac86afe9787813f285e684b0271599f95a51bce33528", size = 3600214, upload-time = "2025-01-23T17:54:36.631Z" },
    { url = "https://files.pythonhosted.org/packages/17/c3/a7a225645a965029ed432e5b5e9ed959a574e62100afab553eef58be0e37/grpcio-1.70.0-cp312-cp312-win_amd64.whl", hash = "sha256:0495c86a55a04a874c7627fd33e5beaee771917d92c0e6d9d797628ac40e7655", size = 4292538, upload-time = "2025-01-23T17:54:38.845Z" },
    { url = "https://files.pythonhosted.org/packages/68/38/66d0f32f88feaf7d83f8559cd87d899c970f91b1b8a8819b58226de0a496/grpcio-1.70.0-cp313-cp313-linux_armv7l.whl", hash = "sha256:aa573896aeb7d7ce10b1fa425ba263e8dddd83d71530d1322fd3a16f31257b4a", size = 5199218, upload-time = "2025-01-23T17:54:40.964Z" },
    { url = "https://files.pythonhosted.org/packages/c1/96/947df763a0b18efb5cc6c2ae348e56d97ca520dc5300c01617b234410173/grpcio-1.70.0-cp313-cp313-macosx_10_14_universal2.whl", hash = "sha256:d405b005018fd516c9ac529f4b4122342f60ec1cee181788249372524e6db429", size = 11445983, upload-time = "2025-01-23T17:54:43.527Z" },
    { url = "https://files.pythonhosted.org/packages/fd/5b/f3d4b063e51b2454bedb828e41f3485800889a3609c49e60f2296cc8b8e5/grpcio-1.70.0-cp313-cp313-manylinux_2_17_aarch64.whl", hash = "sha256:f32090238b720eb585248654db8e3afc87b48d26ac423c8dde8334a232ff53c9", size = 5663954, upload-time = "2025-01-23T17:54:47.532Z" },
    { url = "https://files.pythonhosted.org/packages/bd/0b/dab54365fcedf63e9f358c1431885478e77d6f190d65668936b12dd38057/grpcio-1.70.0-cp313-cp313-manylinux_2_17_i686.manylinux2014_i686.whl", hash = "sha256:dfa089a734f24ee5f6880c83d043e4f46bf812fcea5181dcb3a572db1e79e01c", size = 6304323, upload-time = "2025-01-23T17:54:50.036Z" },
    { url = "https://files.pythonhosted.org/packages/76/a8/8f965a7171ddd336ce32946e22954aa1bbc6f23f095e15dadaa70604ba20/grpcio-1.70.0-cp313-cp313-manylinux_2_17_x86_64.manylinux2014_x86_64.whl", hash = "sha256:f19375f0300b96c0117aca118d400e76fede6db6e91f3c34b7b035822e06c35f", size = 5910939, upload-time = "2025-01-23T17:54:52.455Z" },
    { url = "https://files.pythonhosted.org/packages/1b/05/0bbf68be8b17d1ed6f178435a3c0c12e665a1e6054470a64ce3cb7896596/grpcio-1.70.0-cp313-cp313-musllinux_1_1_i686.whl", hash = "sha256:7c73c42102e4a5ec76608d9b60227d917cea46dff4d11d372f64cbeb56d259d0", size = 6631405, upload-time = "2025-01-23T17:54:55.808Z" },
    { url = "https://files.pythonhosted.org/packages/79/6a/5df64b6df405a1ed1482cb6c10044b06ec47fd28e87c2232dbcf435ecb33/grpcio-1.70.0-cp313-cp313-musllinux_1_1_x86_64.whl", hash = "sha256:0a5c78d5198a1f0aa60006cd6eb1c912b4a1520b6a3968e677dbcba215fabb40", size = 6190982, upload-time = "2025-01-23T17:54:58.405Z" },
    { url = "https://files.pythonhosted.org/packages/42/aa/aeaac87737e6d25d1048c53b8ec408c056d3ed0c922e7c5efad65384250c/grpcio-1.70.0-cp313-cp313-win32.whl", hash = "sha256:fe9dbd916df3b60e865258a8c72ac98f3ac9e2a9542dcb72b7a34d236242a5ce", size = 3598359, upload-time = "2025-01-23T17:55:00.671Z" },
    { url = "https://files.pythonhosted.org/packages/1f/79/8edd2442d2de1431b4a3de84ef91c37002f12de0f9b577fb07b452989dbc/grpcio-1.70.0-cp313-cp313-win_amd64.whl", hash = "sha256:4119fed8abb7ff6c32e3d2255301e59c316c22d31ab812b3fbcbaf3d0d87cc68", size = 4293938, upload-time = "2025-01-23T17:55:02.821Z" },
]

[[package]]
name = "grpcio"
version = "1.84.0"
source = { registry = "https://pypi.org/simple" }
resolution-markers = [
    "python_full_version >= '3.14'",
]
dependencies = [
    { name = "typing-extensions", marker = "python_full_version >= '3.14'" },
]
sdist = { url = "https://files.pythonhosted.org/packages/3f/4f/4435c0aae54657258d9cfcba78598f3d9e5fe4c82ff18d78558567b90faf/grpcio-1.84.0.tar.gz", hash = "sha256:19aaf172fc2edbefccce3f6e92c5150975dbe56c45744e9e87cf72ebdf85bfbe", size = 13493876, upload-time = "2026-09-14T06:59:33.291Z" }
wheels = [
    { url = "https://files.pythonhosted.org/packages/2d/b9/46146728b3f4a5c7e34c17d0ab724d58b5456b116e76dc77d3ef4e79b135/grpcio-1.84.0-cp311-cp311-linux_armv7l.whl", hash = "sha256:4aaeceeb7fa7d824c322d1ec3208c8495c88478a927295553235435fc49043ad", size = 6454572, upload-time = "2026-09-14T06:57:14.651Z" },
    { url = "https://files.pythonhosted.org/packages/e3/63/5d668b4102637410d700153fd12d6a798e3ff8308bd9dcbaeae93f191060/grpcio-1.84.0-cp311-cp311-macosx_11_0_universal2.whl", hash = "sha256:06619ba1515e5ee69fb2a514e95dd8be05ce74cb3928d5b34f87f87c86fe3c27", size = 12359529, upload-time = "2026-09-14T06:57:17.202Z" },
    { url = "https://files.pythonhosted.org/packages/18/2a/52e29c02047a493f15a78c0502bde4d3fab7c19c7813944d367cd501811c/grpcio-1.84.0-cp311-cp311-manylinux2014_aarch64.manylinux_2_17_aarch64.whl", hash = "sha256:158c1c11cfb61b4849c3caf4d52de6f5ecd376e14446feb4a90dc95a90d616f5", size = 7029927, upload-time = "2026-09-14T06:57:19.767Z" },
    { url = "https://files.pythonhosted.org/packages/0a/11/9962b313553647abb091943e0721e4a1662ecc63cdfe930abf00abcce47a/grpcio-1.84.0-cp311-cp311-manylinux2014_i686.manylinux_2_17_i686.whl", hash = "sha256:a9383401d9f116f98cacd4eba6c505a6edb80ba65badfc8e8ed8ae64983bcc44", size = 7782268, upload-time = "2026-09-14T06:57:22.381Z" },
    { url = "https://files.pythonhosted.org/packages/e2/b7/14a9413cb7d4b2e782b4f79c81a918610caedf55138ab5916f5fdd4b002f/grpcio-1.84.0-cp311-cp311-manylinux2014_x86_64.manylinux_2_17_x86_64.whl", hash = "sha256:bd8ea8eb3817b226057cc1c0e7ec4b378dcda52043b972b6ff12b1152178967d", size = 7187959, upload-time = "2026-09-14T06:57:24.686Z" },
    { url = "https://files.pythonhosted.org/packages/ee/3b/6cc8e6aed8f23be40f52af341e5d4595ec3ec8d7572271a692b5c1212178/grpcio-1.84.0-cp311-cp311-musllinux_1_2_aarch64.whl", hash = "sha256:756ea5c2da00fa65c930284892d2a9706828704ca3ba40b4c51c4834eb39fcfd", size = 7737554, upload-time = "2026-09-14T06:57:27.5Z" },
    { url = "https://files.pythonhosted.org/packages/3c/7e/6f61002a01802ca9675e1b3599c9b0f9f3cf168ded94ebacc02199309f88/grpcio-1.84.0-cp311-cp311-musllinux_1_2_i686.whl", hash = "sha256:28d2609691da93051e998495108bbddd2a9f7a561253bae94828d81290f30c15", size = 8792681, upload-time = "2026-09-14T06:57:29.731Z" },
    { url = "https://files.pythonhosted.org/packages/eb/84/8bec1ae7e6732a9b435a394ddfdfffde46c2620ae0109823f7cce1a54455/grpcio-1.84.0-cp311-cp311-musllinux_1_2_x86_64.whl", hash = "sha256:27b8b36200a9fbee6e120246f4a8a41657549107ef19fb2c819c4b2fd524f39a", size = 8145493, upload-time = "2026-09-14T06:57:32.672Z" },
    { url = "https://files.pythonhosted.org/packages/59/84/c8c7bd210d657288f18af06522f150f61e81ea14fd3c7c135beed697c5fd/grpcio-1.84.0-cp311-cp311-win32.whl", hash = "sha256:465eef3d17e59ad22a556fc0138f7c7c799df426734344daec42c797d49fda99", size = 4495596, upload-time = "2026-09-14T06:57:34.799Z" },
    { url = "https://files.pythonhosted.org/packages/da/1e/da99356b3b573af357d059753a47fba54f1ca1a9c0e4deccd0210cb7f4ba/grpcio-1.84.0-cp311-cp311-win_amd64.whl", hash = "sha256:f9a456bdbed52a01c9ab8423bdebab04a5363c78676edc55ab9b58bd13bdf9e1", size = 5259900, upload-time = "2026-09-14T06:57:37.067Z" },
    { url = "https://files.pythonhosted.org/packages/0a/c1/4c9a2e0e6b0aaf02781404cad2f79211f989f2c827cf672a4a48d1604d3e/grpcio-1.84.0-cp312-cp312-linux_armv7l.whl", hash = "sha256:b5c6f20d657ae09ae4e30d9d3a21edd13f1219d58cc6f999b9d1bb63be9c1baa", size = 6415756, upload-time = "2026-09-14T06:57:39.345Z" },
    { url = "https://files.pythonhosted.org/packages/b1/57/131e7007bdee9acb77a8dbe8a16fa9fef75f88c1695242d8ee0993ac2d3d/grpcio-1.84.0-cp312-cp312-macosx_11_0_universal2.whl", hash = "sha256:406583b4e8fb2282ebd392e12b963e601c1f82e07125a8c2cb5b144e7e024796", size = 12339195, upload-time = "2026-09-14T06:57:42.373Z" },
    { url = "https://files.pythonhosted.org/packages/db/d1/a7b7cda98fcab9b3d2916204a872d87371158a7a34e41768f524584fb64d/grpcio-1.84.0-cp312-cp312-manylinux2014_aarch64.manylinux_2_17_aarch64.whl", hash = "sha256:fbdbcd06986ede3ce584083b1dc2afe6808e8943e5cf50ad11183c03aceda25a", size = 6984468, upload-time = "2026-09-14T06:57:45.035Z" },
    { url = "https://files.pythonhosted.org/packages/19/81/c5be83e3ac9416f73c4c51fe1ea9c41a0c42fc3509e3505faa46f5046abe/grpcio-1.84.0-cp312-cp312-manylinux2014_i686.manylinux_2_17_i686.whl", hash = "sha256:23e6e8e8a75cff88e0a793bfd3becea03a13e2763ae90c1ff573bc19ca5b429a", size = 7749432, upload-time = "2026-09-14T06:57:47.395Z" },
    { url = "https://files.pythonhosted.org/packages/a0/bf/258cd7c0a7ed92745dc93c31666d462d05b702807a689744bd49fb833bde/grpcio-1.84.0-cp312-cp312-manylinux2014_x86_64.manylinux_2_17_x86_64.whl", hash = "sha256:b44f0a0fc7bc6677d38cc80bca1a32814ce6c8f200fb8b3c1a61c9d77eaefbf3", size = 7156115, upload-time = "2026-09-14T06:57:49.657Z" },
    { url = "https://files.pythonhosted.org/packages/2b/4b/7f829418dbfcf91b875e55e2973f1059a95decb4f081313416317ef04ec1/grpcio-1.84.0-cp312-cp312-musllinux_1_2_aarch64.whl", hash = "sha256:210e4c32f907045eb8158273e60c6ab69a3947697df6245dbda381f26c59485b", size = 7708010, upload-time = "2026-09-14T06:57:52.496Z" },
    { url = "https://files.pythonhosted.org/packages/34/f0/9932e2fec6a04205f8bf3f8f4d2020479dcdac88feb6f93822ed31bf0eba/grpcio-1.84.0-cp312-cp312-musllinux_1_2_i686.whl", hash = "sha256:a71d24f40b0cc6798feaa978c7411dc1135b7018e9fc0442db611c139bf58344", size = 8759980, upload-time = "2026-09-14T06:57:55.312Z" },
    { url = "https://files.pythonhosted.org/packages/2c/5c/b67407c6dbc480dfc0715f6eccdb1061e7c88d85f9a330a241d357a538c5/grpcio-1.84.0-cp312-cp312-musllinux_1_2_x86_64.whl", hash = "sha256:f6c972474ce691aca74e58d17625450cef153dc4760364cadeb167983ea6d589", size = 8124904, upload-time = "2026-09-14T06:57:58.569Z" },
    { url = "https://files.pythonhosted.org/packages/02/37/2bfdae2df8dfcfc0df619b628e0c7153ce703adae827243f44720322ccc1/grpcio-1.84.0-cp312-cp312-win32.whl", hash = "sha256:0d532ade4486dad9b302ffa4d4683d67561051c26d17c4023322845e9fa10140", size = 4478915, upload-time = "2026-09-14T06:58:00.714Z" },
    { url = "https://files.pythonhosted.org/packages/85/2c/309268b7b39f6deb2342f634841e105623a0b67982e8b10ec516782ff1c6/grpcio-1.84.0-cp312-cp312-win_amd64.whl", hash = "sha256:49717e857899f4136d7657bf5aded61ac479110a075438290923a4d86af7cd02", size = 5253534, upload-time = "2026-09-14T06:58:03.336Z" },
    { url = "https://files.pythonhosted.org/packages/5d/51/40f99701adb01d4e5316a2aaf13838da1a24d5c879cd8c95156d7c364454/grpcio-1.84.0-cp313-cp313-linux_armv7l.whl", hash = "sha256:209414080da8c20af94df1395b635da52dd57b5edc9e917e1deca0dc1c4bb55e", size = 6427619, upload-time = "2026-09-14T06:58:06.025Z" },
    { url = "https://files.pythonhosted.org/packages/c5/4b/ed8e22a1237e6b2be6ef4f221d074a5b0e0dd8a0da8c944c04aea731f0eb/grpcio-1.84.0-cp313-cp313-macosx_11_0_universal2.whl", hash = "sha256:e41c3993eee896c617dbd8a505085d28b6e84a0445ed9a1f40f95808473cf678", size = 12336549, upload-time = "2026-09-14T06:58:08.583Z" },
    { url = "https://files.pythonhosted.org/packages/d3/50/00165b05cd73f45996748ea67ce9e55d08936f2fea94a7fd8541cc2d0e54/grpcio-1.84.0-cp313-cp313-manylinux2014_aarch64.manylinux_2_17_aarch64.whl", hash = "sha256:fff5ef3fe1bba7d6147e5f19e01e5e122ac2c076486887ddcb8d42e663400fbe", size = 6989458, upload-time = "2026-09-14T06:58:11.884Z" },
    { url = "https://files.pythonhosted.org/packages/26/38/d0486230e684d916f97429a53041db88410e662a38f2a8d09e2d90375840/grpcio-1.84.0-cp313-cp313-manylinux2014_i686.manylinux_2_17_i686.whl", hash = "sha256:b8c62888c3e49debf37ad9773e3c02f77b0c1e811f8fb0962f2b6c3bbab5b97a", size = 7757778, upload-time = "2026-09-14T06:58:14.849Z" },
    { url = "https://files.pythonhosted.org/packages/da/56/548a643decb059ca244499c675ae2c13a15f523ba94592c2774bd80a13c1/grpcio-1.84.0-cp313-cp313-manylinux2014_x86_64.manylinux_2_17_x86_64.whl", hash = "sha256:986e9751d416d7a6eaa2fecdac38da63153d63a4b340ba7d624889c490451500", size = 7159572, upload-time = "2026-09-14T06:58:17.87Z" },
    { url = "https://files.pythonhosted.org/packages/db/f5/42caac81a79ec680f1f7a8eaf7ca90d2f93936ce0c3a073141ba96757f77/grpcio-1.84.0-cp313-cp313-musllinux_1_2_aarch64.whl", hash = "sha256:5933a052946873d01a42119a05420d669bdca436aeba2d1851988ccb12b421c0", size = 7710547, upload-time = "2026-09-14T06:58:20.607Z" },
    { url = "https://files.pythonhosted.org/packages/57/a4/828ad990b2410fee0a55cc73aa1bf98eb5b911c54847374ef4f24b9e877b/grpcio-1.84.0-cp313-cp313-musllinux_1_2_i686.whl", hash = "sha256:e094dd21f077af8194923fc263cad872eaa1802bb0156fd7e5ae18e99cd86715", size = 8761519, upload-time = "2026-09-14T06:58:23.875Z" },
    { url = "https://files.pythonhosted.org/packages/d5/a5/1f91af098919eaf5d80d5a61126ad9fae074e5190c25a3014ce1d8d0d890/grpcio-1.84.0-cp313-cp313-musllinux_1_2_x86_64.whl", hash = "sha256:08735e3d08d24ab3132cf87e2e5dea8746cabcc7d676c2b0b7362f195feef9d9", size = 8121424, upload-time = "2026-09-14T06:58:27.006Z" },
    { url = "https://files.pythonhosted.org/packages/8c/8f/77fd4a7a913b636785479922349c4cb98d94d05d15652e556b3ca0df6663/grpcio-1.84.0-cp313-cp313-win32.whl", hash = "sha256:70bb4ce8be0c5606bec259cbd7152374470396413b7863a658a08c849e6b29ff", size = 4477974, upload-time = "2026-09-14T06:58:29.528Z" },
    { url = "https://files.pythonhosted.org/packages/d0/9a/1fa59ddbfc8898e5518d1447e46f771f387f0ed6132ad531395338e51a5c/grpcio-1.84.0-cp313-cp313-win_amd64.whl", hash = "sha256:b61692f0069b3eee2fc8a3a1b7f6c044df9e03fede6ce69b3ca832e1c39f26c5", size = 5255326, upload-time = "2026-09-14T06:58:31.781Z" },
    { url = "https://files.pythonhosted.org/packages/26/6f/e25ca89ca5b0b7b95464c907a5c21a77c0ac8c4ee1dca164c4dd8f153ddb/grpcio-1.84.0-cp314-cp314-linux_armv7l.whl", hash = "sha256:026d757df86c5b7a41de8200b9a2cda454aaa5004cb0c7e3374c66eb82f61499", size = 6428207, upload-time = "2026-09-14T06:58:34.401Z" },
    { url = "https://files.pythonhosted.org/packages/cd/b4/6b76b429f3f9b901cdbc306c81364d708bc957f847a05cbd1046cd2d05d8/grpcio-1.84.0-cp314-cp314-macosx_11_0_universal2.whl", hash = "sha256:3de427b05f244ba2c2a9bdc67e7a6731c8340811524ecc4435466549f8af1d17", size = 12342420, upload-time = "2026-09-14T06:58:37.416Z" },
    { url = "https://files.pythonhosted.org/packages/af/64/ac86d638ba7f73bee0dccb608ba551d4f63adf75151f00d2c43e46d3979e/grpcio-1.84.0-cp314-cp314-manylinux2014_aarch64.manylinux_2_17_aarch64.whl", hash = "sha256:e90e3bdf7b5eac005fef631adae9cafde16f922def207b80a7c46b253c18ad20", size = 6998396, upload-time = "2026-09-14T06:58:40.535Z" },
    { url = "https://files.pythonhosted.org/packages/4a/65/fa12e9ec9d7ebf8cc3e81428fa9e1ca0d30d22d546ce2baa4c64bc917cbc/grpcio-1.84.0-cp314-cp314-manylinux2014_i686.manylinux_2_17_i686.whl", hash = "sha256:e88d304f094f4937bc27ec6a435e218a084168f11ec630c8d5d39b431d08d81d", size = 7757538, upload-time = "2026-09-14T06:58:43.297Z" },
    { url = "https://files.pythonhosted.org/packages/21/d7/94240c7fae121ff1f116dcf04a3b7ee0216a06832c704310363f72638d4c/grpcio-1.84.0-cp314-cp314-manylinux2014_x86_64.manylinux_2_17_x86_64.whl", hash = "sha256:57dc36a5ab0e676f5f6e171de2917fd0aef73f32a9aaf23956bfe19997a30bd1", size = 7161480, upload-time = "2026-09-14T06:58:45.939Z" },
    { url = "https://files.pythonhosted.org/packages/23/c9/7033e95d4b344969818b09185721c7608b47fc2498d97b5e4eec4995dbf3/grpcio-1.84.0-cp314-cp314-musllinux_1_2_aarch64.whl", hash = "sha256:5deda5b4bf62769eb98c119cca43d40e1231e34846b19db5cdea821d446a2253", size = 7720191, upload-time = "2026-09-14T06:58:48.308Z" },
    { url = "https://files.pythonhosted.org/packages/95/22/b45df2deba81d55069076859480bae7109c9eec02bce5515c799530cc2aa/grpcio-1.84.0-cp314-cp314-musllinux_1_2_i686.whl", hash = "sha256:9bab4cf571653a8afffb83ce21aa27b51dfe629b526b7b6adec35491fe1fc2ea", size = 8762792, upload-time = "2026-09-14T06:58:51.068Z" },
    { url = "https://files.pythonhosted.org/packages/de/c4/3e1c3d6155c16b8737cc31d5b477d6cf1fc7cdd10d58320cf0ec9b446f42/grpcio-1.84.0-cp314-cp314-musllinux_1_2_x86_64.whl", hash = "sha256:c5559b492007dc09b4de9b95dab05f0b5e53547aad230cf07e46c7dd017a3be5", size = 8123299, upload-time = "2026-09-14T06:58:54.332Z" },
    { url = "https://files.pythonhosted.org/packages/56/fe/f4864de5b815e5ba18858771f99381a398fac14117f89ef5291ed43d3c4e/grpcio-1.84.0-cp314-cp314-win32.whl", hash = "sha256:2c024da73b296f040b8360e60bd73a659b230093684a438da0e1260f34cc724e", size = 4562560, upload-time = "2026-09-14T06:58:56.894Z" },
    { url = "https://files.pythonhosted.org/packages/44/03/640811d4d8c84f5e603995c5a9bab725223aa472cad9ca4286c3bbf1c3e3/grpcio-1.84.0-cp314-cp314-win_amd64.whl", hash = "sha256:800b7e00d92553313c0463c200087930aa78678ec1d528193aeb50906f55989b", size = 5394092, upload-time = "2026-09-14T06:58:59.61Z" },
    { url = "https://files.pythonhosted.org/packages/4a/1a/9e3d2c9f005f680f03308fa894b1db91d4ab3f0fe65ff630c69561e91e95/grpcio-1.84.0-cp315-cp315-linux_armv7l.whl", hash = "sha256:47ecf0d9b81d981f07b61bd89eced9d2582f5eaacc3aaa36ad27f81aef70a27f", size = 6428252, upload-time = "2026-09-14T06:59:02.597Z" },
    { url = "https://files.pythonhosted.org/packages/77/34/0bc9f52ebf091311651eeab3a452fb557985604a3088cb5406f4d6df85d3/grpcio-1.84.0-cp315-cp315-macosx_10_15_universal2.whl", hash = "sha256:61386101ecaa096b694d0dd278caf99a56aeec78440cc17e918eef0b50f2d567", size = 12359488, upload-time = "2026-09-14T06:59:05.646Z" },
    { url = "https://files.pythonhosted.org/packages/93/0e/c31052712f241cb6ecae9c226fabd519b7f8c64a7a40bac27e9ca0405b78/grpcio-1.84.0-cp315-cp315-manylinux2014_aarch64.manylinux_2_17_aarch64.whl", hash = "sha256:f6d178ba6dc8e82976c184b65fddde172d054c17237993a3e083efe4f134d55b", size = 7019339, upload-time = "2026-09-14T06:59:08.76Z" },
    { url = "https://files.pythonhosted.org/packages/55/b9/b9b33ea4f1eb4cad28833cade604febf357385b5ebb0c9c7562d020e167a/grpcio-1.84.0-cp315-cp315-manylinux2014_i686.manylinux_2_17_i686.whl", hash = "sha256:15bb76489e337fc492685c9758e2fd4d4ab516b901ad830dc5a91987decf00be", size = 7107974, upload-time = "2026-09-14T06:59:11.568Z" },
    { url = "https://files.pythonhosted.org/packages/0e/9e/799d4c45db91bbdcd8c54b3982932dbcf3d059f7ce67dca3e8540faa1ece/grpcio-1.84.0-cp315-cp315-manylinux2014_x86_64.manylinux_2_17_x86_64.whl", hash = "sha256:82da34ae4f639c73ac46e521e00c0a49bf86f717b9fb1f405f133e98731e38dc", size = 7200036, upload-time = "2026-09-14T06:59:14.401Z" },
    { url = "https://files.pythonhosted.org/packages/45/dc/dcfdd13ada41aff9098f0c2c6f260eb7debbc88b84b7e5fcbd085165427d/grpcio-1.84.0-cp315-cp315-musllinux_1_2_aarch64.whl", hash = "sha256:9b73836ba0e16fcbb57c31cf6cbc2907c8d8c790b83679df454b74bd15e0be04", size = 7742281, upload-time = "2026-09-14T06:59:17.348Z" },
    { url = "https://files.pythonhosted.org/packages/55/31/75eab2ec77b80804bc5e21cec99b57598e726fca6484cd3e8920a97639d5/grpcio-1.84.0-cp315-cp315-musllinux_1_2_i686.whl", hash = "sha256:42959bd50dd660ffc3f2a9bec15a6da4f9aaa0dda555d59ff2d2e80b908456a8", size = 8113629, upload-time = "2026-09-14T06:59:20.584Z" },
    { url = "https://files.pythonhosted.org/packages/34/f0/fdcf6bdc1df9ca11679a1187bef8e6b81df31a2baae69497e17344f05ea3/grpcio-1.84.0-cp315-cp315-musllinux_1_2_x86_64.whl", hash = "sha256:659728f20fc7a0933ed7b1945435e31014b97ab8a5a7edcbaa70da4794aeb191", size = 8152972, upload-time = "2026-09-14T06:59:24.523Z" },
    { url = "https://files.pythonhosted.org/packages/5c/cf/6720e720bfa80fcb1ace873f66724eb3c8b03bba2fa078a30c12cab3212e/grpcio-1.84.0-cp315-cp315-win32.whl", hash = "sha256:edb6f87fc60ff438557291501b3e16c7a77c3b01a52d782cf276dccc7c5dd89c", size = 4561981, upload-time = "2026-09-14T06:59:27.275Z" },
    { url = "https://files.pythonhosted.org/packages/7f/b9/69d8a709df225bc2e06e028e9465166b174c24b3da07cc72d9a5ddc63194/grpcio-1.84.0-cp315-cp315-win_amd64.whl", hash = "sha256:4119efa6519871719ad81f33bc95ab87857dcb1c5801f30a6e592f2c41164169", size = 5394757, upload-time = "2026-09-14T06:59:30.118Z" },
]

[[package]]
name = "latch-config"
version = "0.1.8"
source = { registry = "https://pypi.org/simple" }
sdist = { url = "https://files.pythonhosted.org/packages/c3/89/be014d8bd4165cc5f78d11e7606e9e1b891ad8599b131cb28345db9597a0/latch_config-0.1.8.tar.gz", hash = "sha256:11adcb17e9823ed460d8f4765d2193fe94a410ad80baa5394f2cd7aeb4780fe4", size = 4785, upload-time = "2024-03-06T00:27:22.144Z" }
wheels = [
    { url = "https://files.pythonhosted.org/packages/5f/3d/de855a8c369d3909a9c11442985a4674bd823c9047c99f2a19654414c0bc/latch_config-0.1.8-py3-none-any.whl", hash = "sha256:1959bad20fc7da1df7276388b9390f76d1545d58fb4b1395604644a298041e8e", size = 5195, upload-time = "2024-03-06T00:27:20.646Z" },
]

[[package]]
name = "latch-o11y"
version = "1.2.1"
source = { editable = "." }
dependencies = [
    { name = "latch-config" },
    { name = "opentelemetry-api" },
    { name = "opentelemetry-exporter-otlp-proto-grpc" },
    { name = "opentelemetry-sdk" },
]

[package.dev-dependencies]
dev = [
    { name = "ruff" },
]

[package.metadata]
requires-dist = [
    { name = "latch-config", specifier = ">=0.1.5" },
    { name = "opentelemetry-api", specifier = ">=1.44.0" },
    { name = "opentelemetry-exporter-otlp-proto-grpc", specifier = ">=1.44.0" },
    { name = "opentelemetry-sdk", specifier = ">=1.44.0" },
]

[package.metadata.requires-dev]
dev = [{ name = "ruff", specifier = ">=0.9.5" }]

[[package]]
name = "opentelemetry-api"
version = "1.44.0"
source = { registry = "https://pypi.org/simple" }
dependencies = [
    { name = "typing-extensions" },
]
sdist = { url = "https://files.pythonhosted.org/packages/ee/8b/aa9e2d8b8dfa7c946f7dec5d1f8f6ba8eca062f43509a06bdb5ce93d26c0/opentelemetry_api-1.44.0.tar.gz", hash = "sha256:67647e5e9566edcf421166fdf022b3537f818635daa852b289e34604dc6fb33a", size = 72406, upload-time = "2026-07-16T15:25:32.678Z" }
wheels = [
    { url = "https://files.pythonhosted.org/packages/ca/6f/a04e900f465ff3221ccc395522503e2d10e79fa21f2723c8e177aae1e0d1/opentelemetry_api-1.44.0-py3-none-any.whl", hash = "sha256:94b98c893a91b88657eaac1e3ba89618cdb85be6918196705354f34728b2cdef", size = 60018, upload-time = "2026-07-16T15:25:11.657Z" },
]

[[package]]
name = "opentelemetry-exporter-otlp-proto-common"
version = "1.44.0"
source = { registry = "https://pypi.org/simple" }
dependencies = [
    { name = "opentelemetry-proto" },
]
sdist = { url = "https://files.pythonhosted.org/packages/61/09/4d717852c1cf3f854b76c7110a5d00883bc3c99288b9b0dbcbeb9e306eb6/opentelemetry_exporter_otlp_proto_common-1.44.0.tar.gz", hash = "sha256:dc87a5a5bc58f149a56d1547e4691588fa12994cdc3bc039a694ccb3375862ac", size = 20202, upload-time = "2026-07-16T15:25:37.658Z" }
wheels = [
    { url = "https://files.pythonhosted.org/packages/5e/71/65fd9d54c10b860f87c045ccee1264cab7011268895d3528818a29c1172a/opentelemetry_exporter_otlp_proto_common-1.44.0-py3-none-any.whl", hash = "sha256:9a9fe61bba73d802904bc989f1d6b4a7b1ee40f06c40e98d6f85af65aaebb694", size = 17045, upload-time = "2026-07-16T15:25:18.201Z" },
]

[[package]]
name = "opentelemetry-exporter-otlp-proto-grpc"
version = "1.44.0"
source = { registry = "https://pypi.org/simple" }
dependencies = [
    { name = "googleapis-common-protos" },
    { name = "grpcio", version = "1.70.0", source = { registry = "https://pypi.org/simple" }, marker = "python_full_version < '3.14'" },
    { name = "grpcio", version = "1.84.0", source = { registry = "https://pypi.org/simple" }, marker = "python_full_version >= '3.14'" },
    { name = "opentelemetry-api" },
    { name = "opentelemetry-exporter-otlp-proto-common" },
    { name = "opentelemetry-proto" },
    { name = "opentelemetry-sdk" },
    { name = "typing-extensions" },
]
sdist = { url = "https://files.pythonhosted.org/packages/1f/47/80d9e9d468dc5de3af5096f5ccdb065fa4dd1470f74495cc53e59e397f47/opentelemetry_exporter_otlp_proto_grpc-1.44.0.tar.gz", hash = "sha256:40d1ae9e03fcc36de3cbac610cc99f35894938bff9cfd90fc4ec68bd85448463", size = 27225, upload-time = "2026-07-16T15:25:38.308Z" }
wheels = [
    { url = "https://files.pythonhosted.org/packages/54/29/6ae42ba32b153ae0a44ae125f0caff2188bbe62d99c82d1768da30864e72/opentelemetry_exporter_otlp_proto_grpc-1.44.0-py3-none-any.whl", hash = "sha256:6a1a645ea182a2f59440c51fa8301d309f3324a8f9d65f8395584b064b67ee4e", size = 19624, upload-time = "2026-07-16T15:25:19.096Z" },
]

[[package]]
name = "opentelemetry-proto"
version = "1.44.0"
source = { registry = "https://pypi.org/simple" }
dependencies = [
    { name = "protobuf" },
]
sdist = { url = "https://files.pythonhosted.org/packages/64/01/40ac4ae9a149263cc52c2cee200ddd80cb6d8db1a4610abf8eabce0fe771/opentelemetry_proto-1.44.0.tar.gz", hash = "sha256:c547a79c2f8c0c515d31509154682e5921c7cfd5ca67b70e1f9266e2c3e103f3", size = 46488, upload-time = "2026-07-16T15:25:45.34Z" }
wheels = [
    { url = "https://files.pythonhosted.org/packages/d1/7c/8be563d68e93bbefa5c8affb82ddcff91b3ad858ce49957ba7b16fd3e0ab/opentelemetry_proto-1.44.0-py3-none-any.whl", hash = "sha256:898b155a0e1557afd867478fb6158e8122a46329ca0bb8dc53cc55e98f017f56", size = 72483, upload-time = "2026-07-16T15:25:28.429Z" },
]

[[package]]
name = "opentelemetry-sdk"
version = "1.44.0"
source = { registry = "https://pypi.org/simple" }
dependencies = [
    { name = "opentelemetry-api" },
    { name = "opentelemetry-semantic-conventions" },
    { name = "typing-extensions" },
]
sdist = { url = "https://files.pythonhosted.org/packages/5d/77/a6592cbc7c8d9bcc9d6757a9df45e04a7c585e3e6e7a13456da522b21109/opentelemetry_sdk-1.44.0.tar.gz", hash = "sha256:cebe7f65dc12f26ead75c6064de12fd2a9052e5060c0272d402cfa203aae123b", size = 208624, upload-time = "2026-07-16T15:25:46.078Z" }
wheels = [
    { url = "https://files.pythonhosted.org/packages/e7/23/ff077e61886ee020a17ce9c8b6fa11c601c8d8345b09ea24f605445df62a/opentelemetry_sdk-1.44.0-py3-none-any.whl", hash = "sha256:df081c4c6bcfdb1211e3e86140376792643128a25f8d72d1d27675936e7e96ad", size = 137221, upload-time = "2026-07-16T15:25:29.534Z" },
]

[[package]]
name = "opentelemetry-semantic-conventions"
version = "0.65b0"
source = { registry = "https://pypi.org/simple" }
dependencies = [
    { name = "opentelemetry-api" },
    { name = "typing-extensions" },
]
sdist = { url = "https://files.pythonhosted.org/packages/8f/73/0cbdebcb4cf545fdd328da14f5137e37d0770c3f26185e478b0d15d94f50/opentelemetry_semantic_conventions-0.65b0.tar.gz", hash = "sha256:f9b2b81e9d5b64f11bc952075e7e9c7fb0aab075c7fd1c46d597f1b919852d60", size = 148774, upload-time = "2026-07-16T15:25:46.902Z" }
wheels = [
    { url = "https://files.pythonhosted.org/packages/a6/0e/49df70d9b81fb5cbae4bbf2a49d865b09bcbcbc4eb53f5851b1027738d78/opentelemetry_semantic_conventions-0.65b0-py3-none-any.whl", hash = "sha256:1cacde7b0ad306f84c5ef08c3dbe1bbaf20165bba6f8bff43b670e555a086bcb", size = 204645, upload-time = "2026-07-16T15:25:30.688Z" },
]

[[package]]
name = "protobuf"
version = "5.29.3"
source = { registry = "https://pypi.org/simple" }
sdist = { url = "https://files.pythonhosted.org/packages/f7/d1/e0a911544ca9993e0f17ce6d3cc0932752356c1b0a834397f28e63479344/protobuf-5.29.3.tar.gz", hash = "sha256:5da0f41edaf117bde316404bad1a486cb4ededf8e4a54891296f648e8e076620", size = 424945, upload-time = "2025-01-08T21:38:51.572Z" }
wheels = [
    { url = "https://files.pythonhosted.org/packages/dc/7a/1e38f3cafa022f477ca0f57a1f49962f21ad25850c3ca0acd3b9d0091518/protobuf-5.29.3-cp310-abi3-win32.whl", hash = "sha256:3ea51771449e1035f26069c4c7fd51fba990d07bc55ba80701c78f886bf9c888", size = 422708, upload-time = "2025-01-08T21:38:31.799Z" },
    { url = "https://files.pythonhosted.org/packages/61/fa/aae8e10512b83de633f2646506a6d835b151edf4b30d18d73afd01447253/protobuf-5.29.3-cp310-abi3-win_amd64.whl", hash = "sha256:a4fa6f80816a9a0678429e84973f2f98cbc218cca434abe8db2ad0bffc98503a", size = 434508, upload-time = "2025-01-08T21:38:35.489Z" },
    { url = "https://files.pythonhosted.org/packages/dd/04/3eaedc2ba17a088961d0e3bd396eac764450f431621b58a04ce898acd126/protobuf-5.29.3-cp38-abi3-macosx_10_9_universal2.whl", hash = "sha256:a8434404bbf139aa9e1300dbf989667a83d42ddda9153d8ab76e0d5dcaca484e", size = 417825, upload-time = "2025-01-08T21:38:36.642Z" },
    { url = "https://files.pythonhosted.org/packages/4f/06/7c467744d23c3979ce250397e26d8ad8eeb2bea7b18ca12ad58313c1b8d5/protobuf-5.29.3-cp38-abi3-manylinux2014_aarch64.whl", hash = "sha256:daaf63f70f25e8689c072cfad4334ca0ac1d1e05a92fc15c54eb9cf23c3efd84", size = 319573, upload-time = "2025-01-08T21:38:37.896Z" },
    { url = "https://files.pythonhosted.org/packages/a8/45/2ebbde52ad2be18d3675b6bee50e68cd73c9e0654de77d595540b5129df8/protobuf-5.29.3-cp38-abi3-manylinux2014_x86_64.whl", hash = "sha256:c027e08a08be10b67c06bf2370b99c811c466398c357e615ca88c91c07f0910f", size = 319672, upload-time = "2025-01-08T21:38:40.204Z" },
    { url = "https://files.pythonhosted.org/packages/fd/b2/ab07b09e0f6d143dfb839693aa05765257bceaa13d03bf1a696b78323e7a/protobuf-5.29.3-py3-none-any.whl", hash = "sha256:0a18ed4a24198528f2333802eb075e59dea9d679ab7a6c5efb017a59004d849f", size = 172550, upload-time = "2025-01-08T21:38:50.439Z" },
]

[[package]]
name = "ruff"
version = "0.9.5"
source = { registry = "https://pypi.org/simple" }
sdist = { url = "https://files.pythonhosted.org/packages/02/74/6c359f6b9ed85b88df6ef31febce18faeb852f6c9855651dfb1184a46845/ruff-0.9.5.tar.gz", hash = "sha256:11aecd7a633932875ab3cb05a484c99970b9d52606ce9ea912b690b02653d56c", size = 3634177, upload-time = "2025-02-06T19:47:15.41Z" }
wheels = [
    { url = "https://files.pythonhosted.org/packages/17/4b/82b7c9ac874e72b82b19fd7eab57d122e2df44d2478d90825854f9232d02/ruff-0.9.5-py3-none-linux_armv6l.whl", hash = "sha256:d466d2abc05f39018d53f681fa1c0ffe9570e6d73cde1b65d23bb557c846f442", size = 11681264, upload-time = "2025-02-06T19:46:16.452Z" },
    { url = "https://files.pythonhosted.org/packages/27/5c/f5ae0a9564e04108c132e1139d60491c0abc621397fe79a50b3dc0bd704b/ruff-0.9.5-py3-none-macosx_10_12_x86_64.whl", hash = "sha256:38840dbcef63948657fa7605ca363194d2fe8c26ce8f9ae12eee7f098c85ac8a", size = 11657554, upload-time = "2025-02-06T19:46:21.854Z" },
    { url = "https://files.pythonhosted.org/packages/2a/83/c6926fa3ccb97cdb3c438bb56a490b395770c750bf59f9bc1fe57ae88264/ruff-0.9.5-py3-none-macosx_11_0_arm64.whl", hash = "sha256:d56ba06da53536b575fbd2b56517f6f95774ff7be0f62c80b9e67430391eeb36", size = 11088959, upload-time = "2025-02-06T19:46:25.109Z" },
    { url = "https://files.pythonhosted.org/packages/af/a7/42d1832b752fe969ffdbfcb1b4cb477cb271bed5835110fb0a16ef31ab81/ruff-0.9.5-py3-none-manylinux_2_17_aarch64.manylinux2014_aarch64.whl", hash = "sha256:4f7cb2a01da08244c50b20ccfaeb5972e4228c3c3a1989d3ece2bc4b1f996001", size = 11902041, upload-time = "2025-02-06T19:46:29.288Z" },
    { url = "https://files.pythonhosted.org/packages/53/cf/1fffa09fb518d646f560ccfba59f91b23c731e461d6a4dedd21a393a1ff1/ruff-0.9.5-py3-none-manylinux_2_17_armv7l.manylinux2014_armv7l.whl", hash = "sha256:96d5c76358419bc63a671caac70c18732d4fd0341646ecd01641ddda5c39ca0b", size = 11421069, upload-time = "2025-02-06T19:46:32.947Z" },
    { url = "https://files.pythonhosted.org/packages/09/27/bb8f1b7304e2a9431f631ae7eadc35550fe0cf620a2a6a0fc4aa3d736f94/ruff-0.9.5-py3-none-manylinux_2_17_i686.manylinux2014_i686.whl", hash = "sha256:deb8304636ed394211f3a6d46c0e7d9535b016f53adaa8340139859b2359a070", size = 12625095, upload-time = "2025-02-06T19:46:36.015Z" },
    { url = "https://files.pythonhosted.org/packages/d7/ce/ab00bc9d3df35a5f1b64f5117458160a009f93ae5caf65894ebb63a1842d/ruff-0.9.5-py3-none-manylinux_2_17_ppc64.manylinux2014_ppc64.whl", hash = "sha256:df455000bf59e62b3e8c7ba5ed88a4a2bc64896f900f311dc23ff2dc38156440", size = 13257797, upload-time = "2025-02-06T19:46:39.556Z" },
    { url = "https://files.pythonhosted.org/packages/88/81/c639a082ae6d8392bc52256058ec60f493c6a4d06d5505bccface3767e61/ruff-0.9.5-py3-none-manylinux_2_17_ppc64le.manylinux2014_ppc64le.whl", hash = "sha256:de92170dfa50c32a2b8206a647949590e752aca8100a0f6b8cefa02ae29dce80", size = 12763793, upload-time = "2025-02-06T19:46:43.294Z" },
    { url = "https://files.pythonhosted.org/packages/b3/d0/0a3d8f56d1e49af466dc770eeec5c125977ba9479af92e484b5b0251ce9c/ruff-0.9.5-py3-none-manylinux_2_17_s390x.manylinux2014_s390x.whl", hash = "sha256:3d28532d73b1f3f627ba88e1456f50748b37f3a345d2be76e4c653bec6c3e393", size = 14386234, upload-time = "2025-02-06T19:46:47.062Z" },
    { url = "https://files.pythonhosted.org/packages/04/70/e59c192a3ad476355e7f45fb3a87326f5219cc7c472e6b040c6c6595c8f0/ruff-0.9.5-py3-none-manylinux_2_17_x86_64.manylinux2014_x86_64.whl", hash = "sha256:2c746d7d1df64f31d90503ece5cc34d7007c06751a7a3bbeee10e5f2463d52d2", size = 12437505, upload-time = "2025-02-06T19:46:49.986Z" },
    { url = "https://files.pythonhosted.org/packages/55/4e/3abba60a259d79c391713e7a6ccabf7e2c96e5e0a19100bc4204f1a43a51/ruff-0.9.5-py3-none-musllinux_1_2_aarch64.whl", hash = "sha256:11417521d6f2d121fda376f0d2169fb529976c544d653d1d6044f4c5562516ee", size = 11884799, upload-time = "2025-02-06T19:46:53.593Z" },
    { url = "https://files.pythonhosted.org/packages/a3/db/b0183a01a9f25b4efcae919c18fb41d32f985676c917008620ad692b9d5f/ruff-0.9.5-py3-none-musllinux_1_2_armv7l.whl", hash = "sha256:5b9d71c3879eb32de700f2f6fac3d46566f644a91d3130119a6378f9312a38e1", size = 11527411, upload-time = "2025-02-06T19:46:56.531Z" },
    { url = "https://files.pythonhosted.org/packages/0a/e4/3ebfcebca3dff1559a74c6becff76e0b64689cea02b7aab15b8b32ea245d/ruff-0.9.5-py3-none-musllinux_1_2_i686.whl", hash = "sha256:2e36c61145e70febcb78483903c43444c6b9d40f6d2f800b5552fec6e4a7bb9a", size = 12078868, upload-time = "2025-02-06T19:46:59.28Z" },
    { url = "https://files.pythonhosted.org/packages/ec/b2/5ab808833e06c0a1b0d046a51c06ec5687b73c78b116e8d77687dc0cd515/ruff-0.9.5-py3-none-musllinux_1_2_x86_64.whl", hash = "sha256:2f71d09aeba026c922aa7aa19a08d7bd27c867aedb2f74285a2639644c1c12f5", size = 12524374, upload-time = "2025-02-06T19:47:02.897Z" },
    { url = "https://files.pythonhosted.org/packages/e0/51/1432afcc3b7aa6586c480142caae5323d59750925c3559688f2a9867343f/ruff-0.9.5-py3-none-win32.whl", hash = "sha256:134f958d52aa6fdec3b294b8ebe2320a950d10c041473c4316d2e7d7c2544723", size = 9853682, upload-time = "2025-02-06T19:47:05.576Z" },
    { url = "https://files.pythonhosted.org/packages/b7/ad/c7a900591bd152bb47fc4882a27654ea55c7973e6d5d6396298ad3fd6638/ruff-0.9.5-py3-none-win_amd64.whl", hash = "sha256:78cc6067f6d80b6745b67498fb84e87d32c6fc34992b52bffefbdae3442967d6", size = 10865744, upload-time = "2025-02-06T19:47:09.205Z" },
    { url = "https://files.pythonhosted.org/packages/75/d9/fde7610abd53c0c76b6af72fc679cb377b27c617ba704e25da834e0a0608/ruff-0.9.5-py3-none-win_arm64.whl", hash = "sha256:18a29f1a005bddb229e580795627d297dfa99f16b30c7039e73278cf6b5f9fa9", size = 10064595, upload-time = "2025-02-06T19:47:12.071Z" },
]

[[package]]
name = "typing-extensions"
version = "4.12.2"
source = { registry = "https://pypi.org/simple" }
sdist = { url = "https://files.pythonhosted.org/packages/df/db/f35a00659bc03fec321ba8bce9420de607a1d37f8342eee1863174c69557/typing_extensions-4.12.2.tar.gz", hash = "sha256:1a7ead55c7e559dd4dee8856e3a88b41225abfe1ce8df57b7c13915fe121ffb8", size = 85321, upload-time = "2024-06-07T18:52:15.995Z" }
wheels = [
    { url = "https://files.pythonhosted.org/packages/26/9f/ad63fc0248c5379346306f8668cda6e2e2e9c95e01216d2b8ffd9ff037d0/typing_extensions-4.12.2-py3-none-any.whl", hash = "sha256:04e5ca0351e0f3f85c6853954072df659d0d13fac324d0072316b67d7794700d", size = 37438, upload-time = "2024-06-07T18:52:13.582Z" },
]
